
Microsoft Visual Studio Solution File, Format Version 12.00
# Visual Studio 15
VisualStudioVersion = 15.0.26730.12
MinimumVisualStudioVersion = 10.0.40219.1
Project("{2150E333-8FDC-42A3-9474-1A3956D46DE8}") = "src", "src", "{E3A3B400-AD76-448B-A44B-A5D7314FAC44}"
EndProject
Project("{2150E333-8FDC-42A3-9474-1A3956D46DE8}") = "test", "test", "{D4CACEEA-2101-42BB-B3AC-16E685850988}"
EndProject
Project("{9A19103F-16F7-4668-BE54-9A1E7A4F7556}") = "Serilog.Settings.Combined", "src\Serilog.Settings.Combined\Serilog.Settings.Combined.csproj", "{DA007207-F261-49ED-9ED1-24F709C53E77}"
EndProject
Project("{9A19103F-16F7-4668-BE54-9A1E7A4F7556}") = "Serilog.Settings.Combined.Tests", "test\Serilog.Settings.Combined.Tests\Serilog.Settings.Combined.Tests.csproj", "{20DF8798-4764-4213-BCF9-F0B55FABFDE9}"
EndProject
Project("{2150E333-8FDC-42A3-9474-1A3956D46DE8}") = "assets", "assets", "{C789B57A-16F9-432C-A93D-303C24478DAC}"
	ProjectSection(SolutionItems) = preProject
		.editorconfig = .editorconfig
		.gitattributes = .gitattributes
		.gitignore = .gitignore
		appveyor.yml = appveyor.yml
		build.cmd = build.cmd
		Build.ps1 = Build.ps1
		LICENSE = LICENSE
		README.md = README.md
		serilog-settings-combined.sln.DotSettings = serilog-settings-combined.sln.DotSettings
		assets\Serilog.snk = assets\Serilog.snk
	EndProjectSection
EndProject
Global
	GlobalSection(SolutionConfigurationPlatforms) = preSolution
		Debug|Any CPU = Debug|Any CPU
		Release|Any CPU = Release|Any CPU
	EndGlobalSection
	GlobalSection(ProjectConfigurationPlatforms) = postSolution
		{DA007207-F261-49ED-9ED1-24F709C53E77}.Debug|Any CPU.ActiveCfg = Debug|Any CPU
		{DA007207-F261-49ED-9ED1-24F709C53E77}.Debug|Any CPU.Build.0 = Debug|Any CPU
		{DA007207-F261-49ED-9ED1-24F709C53E77}.Release|Any CPU.ActiveCfg = Release|Any CPU
		{DA007207-F261-49ED-9ED1-24F709C53E77}.Release|Any CPU.Build.0 = Release|Any CPU
		{20DF8798-4764-4213-BCF9-F0B55FABFDE9}.Debug|Any CPU.ActiveCfg = Debug|Any CPU
		{20DF8798-4764-4213-BCF9-F0B55FABFDE9}.Debug|Any CPU.Build.0 = Debug|Any CPU
		{20DF8798-4764-4213-BCF9-F0B55FABFDE9}.Release|Any CPU.ActiveCfg = Release|Any CPU
		{20DF8798-4764-4213-BCF9-F0B55FABFDE9}.Release|Any CPU.Build.0 = Release|Any CPU
	EndGlobalSection
	GlobalSection(SolutionProperties) = preSolution
		HideSolutionNode = FALSE
	EndGlobalSection
	GlobalSection(NestedProjects) = preSolution
		{DA007207-F261-49ED-9ED1-24F709C53E77} = {E3A3B400-AD76-448B-A44B-A5D7314FAC44}
		{20DF8798-4764-4213-BCF9-F0B55FABFDE9} = {D4CACEEA-2101-42BB-B3AC-16E685850988}
	EndGlobalSection
	GlobalSection(ExtensibilityGlobals) = postSolution
		SolutionGuid = {5DBD5279-7498-481B-92C0-829124A6E543}
	EndGlobalSection
EndGlobal
